
Microsoft Visual Studio Solution File, Format Version 12.00
# Visual Studio Version 17
VisualStudioVersion = 17.0.32112.339
MinimumVisualStudioVersion = 10.0.40219.1
Project("{9A19103F-16F7-4668-BE54-9A1E7A4F7556}") = "XtramileSolutions.AppDomain", "XtramileSolutions.AppDomain\XtramileSolutions.AppDomain.csproj", "{7BE6E29D-5FE0-4933-82C1-3D6712A4FE0D}"
EndProject
Project("{9A19103F-16F7-4668-BE54-9A1E7A4F7556}") = "XtramileSolutions.Infrastructure", "XtramileSOlutions.Infrastructure\XtramileSolutions.Infrastructure.csproj", "{ACE21F4F-4F4D-4914-97CD-AA78195237EA}"
EndProject
Project("{2150E333-8FDC-42A3-9474-1A3956D46DE8}") = "Tests", "Tests", "{11E275D3-F880-40B4-B67C-6CB587D9C0B4}"
EndProject
Project("{9A19103F-16F7-4668-BE54-9A1E7A4F7556}") = "XtramileSolutions.Application", "XtramileSolutions.Application\XtramileSolutions.Application.csproj", "{7D88EFFF-CE53-4282-9433-2FE4ACF0E23B}"
EndProject
Project("{9A19103F-16F7-4668-BE54-9A1E7A4F7556}") = "XtramileSolutions.WebApp", "XtramileSolutions.WebApp\XtramileSolutions.WebApp.csproj", "{B8881610-912C-4984-9143-0790F2A17EA1}"
EndProject
Project("{9A19103F-16F7-4668-BE54-9A1E7A4F7556}") = "XtramileSolutions.WebApi", "XtramileSolutions.WebApi\XtramileSolutions.WebApi.csproj", "{1DA4F6BE-B40E-4388-9948-368E13D25F01}"
EndProject
Global
	GlobalSection(SolutionConfigurationPlatforms) = preSolution
		Debug|Any CPU = Debug|Any CPU
		Release|Any CPU = Release|Any CPU
	EndGlobalSection
	GlobalSection(ProjectConfigurationPlatforms) = postSolution
		{7BE6E29D-5FE0-4933-82C1-3D6712A4FE0D}.Debug|Any CPU.ActiveCfg = Debug|Any CPU
		{7BE6E29D-5FE0-4933-82C1-3D6712A4FE0D}.Debug|Any CPU.Build.0 = Debug|Any CPU
		{7BE6E29D-5FE0-4933-82C1-3D6712A4FE0D}.Release|Any CPU.ActiveCfg = Release|Any CPU
		{7BE6E29D-5FE0-4933-82C1-3D6712A4FE0D}.Release|Any CPU.Build.0 = Release|Any CPU
		{ACE21F4F-4F4D-4914-97CD-AA78195237EA}.Debug|Any CPU.ActiveCfg = Debug|Any CPU
		{ACE21F4F-4F4D-4914-97CD-AA78195237EA}.Debug|Any CPU.Build.0 = Debug|Any CPU
		{ACE21F4F-4F4D-4914-97CD-AA78195237EA}.Release|Any CPU.ActiveCfg = Release|Any CPU
		{ACE21F4F-4F4D-4914-97CD-AA78195237EA}.Release|Any CPU.Build.0 = Release|Any CPU
		{7D88EFFF-CE53-4282-9433-2FE4ACF0E23B}.Debug|Any CPU.ActiveCfg = Debug|Any CPU
		{7D88EFFF-CE53-4282-9433-2FE4ACF0E23B}.Debug|Any CPU.Build.0 = Debug|Any CPU
		{7D88EFFF-CE53-4282-9433-2FE4ACF0E23B}.Release|Any CPU.ActiveCfg = Release|Any CPU
		{7D88EFFF-CE53-4282-9433-2FE4ACF0E23B}.Release|Any CPU.Build.0 = Release|Any CPU
		{B8881610-912C-4984-9143-0790F2A17EA1}.Debug|Any CPU.ActiveCfg = Debug|Any CPU
		{B8881610-912C-4984-9143-0790F2A17EA1}.Debug|Any CPU.Build.0 = Debug|Any CPU
		{B8881610-912C-4984-9143-0790F2A17EA1}.Release|Any CPU.ActiveCfg = Release|Any CPU
		{B8881610-912C-4984-9143-0790F2A17EA1}.Release|Any CPU.Build.0 = Release|Any CPU
		{1DA4F6BE-B40E-4388-9948-368E13D25F01}.Debug|Any CPU.ActiveCfg = Debug|Any CPU
		{1DA4F6BE-B40E-4388-9948-368E13D25F01}.Debug|Any CPU.Build.0 = Debug|Any CPU
		{1DA4F6BE-B40E-4388-9948-368E13D25F01}.Release|Any CPU.ActiveCfg = Release|Any CPU
		{1DA4F6BE-B40E-4388-9948-368E13D25F01}.Release|Any CPU.Build.0 = Release|Any CPU
	EndGlobalSection
	GlobalSection(SolutionProperties) = preSolution
		HideSolutionNode = FALSE
	EndGlobalSection
	GlobalSection(ExtensibilityGlobals) = postSolution
		SolutionGuid = {45AA3BC0-E9F2-4A9F-B13E-3E263C430FB8}
	EndGlobalSection
EndGlobal
